
Microsoft Visual Studio Solution File, Format Version 12.00
# Visual Studio 15
VisualStudioVersion = 15.0.26403.7
MinimumVisualStudioVersion = 10.0.40219.1
Project("{FAE04EC0-301F-11D3-BF4B-00C04F79EFBC}") = "RenameFiles", "RenameFiles.csproj", "{9FDF18E7-76B9-488D-9F48-9F6C9CCA5EB8}"
EndProject
Project("{FAE04EC0-301F-11D3-BF4B-00C04F79EFBC}") = "FileHandlerLib", "..\FileHandlerLib\FileHandlerLib.csproj", "{6E1DE963-80B0-436C-98DF-928A03B46962}"
EndProject
Global
	GlobalSection(SolutionConfigurationPlatforms) = preSolution
		Debug|Any CPU = Debug|Any CPU
		Release|Any CPU = Release|Any CPU
	EndGlobalSection
	GlobalSection(ProjectConfigurationPlatforms) = postSolution
		{9FDF18E7-76B9-488D-9F48-9F6C9CCA5EB8}.Debug|Any CPU.ActiveCfg = Debug|Any CPU
		{9FDF18E7-76B9-488D-9F48-9F6C9CCA5EB8}.Debug|Any CPU.Build.0 = Debug|Any CPU
		{9FDF18E7-76B9-488D-9F48-9F6C9CCA5EB8}.Release|Any CPU.ActiveCfg = Release|Any CPU
		{9FDF18E7-76B9-488D-9F48-9F6C9CCA5EB8}.Release|Any CPU.Build.0 = Release|Any CPU
		{6E1DE963-80B0-436C-98DF-928A03B46962}.Debug|Any CPU.ActiveCfg = Debug|Any CPU
		{6E1DE963-80B0-436C-98DF-928A03B46962}.Debug|Any CPU.Build.0 = Debug|Any CPU
		{6E1DE963-80B0-436C-98DF-928A03B46962}.Release|Any CPU.ActiveCfg = Release|Any CPU
		{6E1DE963-80B0-436C-98DF-928A03B46962}.Release|Any CPU.Build.0 = Release|Any CPU
	EndGlobalSection
	GlobalSection(SolutionProperties) = preSolution
		HideSolutionNode = FALSE
	EndGlobalSection
EndGlobal
